
Microsoft Visual Studio Solution File, Format Version 12.00
# Visual Studio Version 16
VisualStudioVersion = 16.0.31624.102
MinimumVisualStudioVersion = 10.0.40219.1
Project("{FAE04EC0-301F-11D3-BF4B-00C04F79EFBC}") = "Fruitkha", "Fruitkha\Fruitkha.csproj", "{9079476A-C9BA-4DEA-82C0-EA04D238DC3B}"
EndProject
Global
	GlobalSection(SolutionConfigurationPlatforms) = preSolution
		Debug|Any CPU = Debug|Any CPU
		Release|Any CPU = Release|Any CPU
	EndGlobalSection
	GlobalSection(ProjectConfigurationPlatforms) = postSolution
		{9079476A-C9BA-4DEA-82C0-EA04D238DC3B}.Debug|Any CPU.ActiveCfg = Debug|Any CPU
		{9079476A-C9BA-4DEA-82C0-EA04D238DC3B}.Debug|Any CPU.Build.0 = Debug|Any CPU
		{9079476A-C9BA-4DEA-82C0-EA04D238DC3B}.Release|Any CPU.ActiveCfg = Release|Any CPU
		{9079476A-C9BA-4DEA-82C0-EA04D238DC3B}.Release|Any CPU.Build.0 = Release|Any CPU
	EndGlobalSection
	GlobalSection(SolutionProperties) = preSolution
		HideSolutionNode = FALSE
	EndGlobalSection
	GlobalSection(ExtensibilityGlobals) = postSolution
		SolutionGuid = {A3524437-2B74-4BC2-9232-5DBABCE1FEE9}
	EndGlobalSection
EndGlobal
